<?xml version="1.0" encoding="utf-8"?>
<Project ToolsVersion="4.0" xmlns="http://schemas.microsoft.com/developer/msbuild/2003">

  <ItemGroup>
    <Filter Include="Source">
      <UniqueIdentifier>{11111111-1111-1111-1111-111111111111}</UniqueIdentifier>
    </Filter>
    <Filter Include="Source\ImGui">
      <UniqueIdentifier>{22222222-2222-2222-2222-222222222222}</UniqueIdentifier>
    </Filter>
    <Filter Include="Headers">
      <UniqueIdentifier>{33333333-3333-3333-3333-333333333333}</UniqueIdentifier>
    </Filter>
    <Filter Include="Resources">
      <UniqueIdentifier>{44444444-4444-4444-4444-444444444444}</UniqueIdentifier>
    </Filter>
  </ItemGroup>

  <ItemGroup>
    <ClCompile Include="main.cpp">
      <Filter>Source</Filter>
    </ClCompile>
    <ClCompile Include="..\..\..\Menus\War_Thunder\war_thunder_sdk\lib\imgui\imgui.cpp">
      <Filter>Source\ImGui</Filter>
    </ClCompile>
    <ClCompile Include="..\..\..\Menus\War_Thunder\war_thunder_sdk\lib\imgui\imgui_draw.cpp">
      <Filter>Source\ImGui</Filter>
    </ClCompile>
    <ClCompile Include="..\..\..\Menus\War_Thunder\war_thunder_sdk\lib\imgui\imgui_tables.cpp">
      <Filter>Source\ImGui</Filter>
    </ClCompile>
    <ClCompile Include="..\..\..\Menus\War_Thunder\war_thunder_sdk\lib\imgui\imgui_widgets.cpp">
      <Filter>Source\ImGui</Filter>
    </ClCompile>
    <ClCompile Include="..\..\..\Menus\War_Thunder\war_thunder_sdk\lib\imgui\backends\imgui_impl_win32.cpp">
      <Filter>Source\ImGui</Filter>
    </ClCompile>
    <ClCompile Include="..\..\..\Menus\War_Thunder\war_thunder_sdk\lib\imgui\backends\imgui_impl_dx11.cpp">
      <Filter>Source\ImGui</Filter>
    </ClCompile>
  </ItemGroup>

  <ItemGroup>
    <ResourceCompile Include="driver_loader.rc">
      <Filter>Resources</Filter>
    </ResourceCompile>
  </ItemGroup>

  <ItemGroup>
    <None Include="kvc.bin">
      <Filter>Resources</Filter>
    </None>
    <None Include="MidnightSoftwareDriver.bin">
      <Filter>Resources</Filter>
    </None>
    <None Include="MidnightSoftware.bin">
      <Filter>Resources</Filter>
    </None>
  </ItemGroup>

  <ItemGroup>
    <ClInclude Include="src\resource.h">
      <Filter>Headers</Filter>
    </ClInclude>
    <ClInclude Include="src\crypto_key.hpp">
      <Filter>Headers</Filter>
    </ClInclude>
    <ClInclude Include="src\embedded.hpp">
      <Filter>Headers</Filter>
    </ClInclude>
    <ClInclude Include="src\includes.hpp">
      <Filter>Headers</Filter>
    </ClInclude>
    <ClInclude Include="src\auth.hpp">
      <Filter>Headers</Filter>
    </ClInclude>
    <ClInclude Include="src\driver_mgr.hpp">
      <Filter>Headers</Filter>
    </ClInclude>
    <ClInclude Include="src\kvc_drv.hpp">
      <Filter>Headers</Filter>
    </ClInclude>
    <ClInclude Include="src\dse_bypass.hpp">
      <Filter>Headers</Filter>
    </ClInclude>
    <ClInclude Include="src\kvc_session.hpp">
      <Filter>Headers</Filter>
    </ClInclude>
  </ItemGroup>

</Project>
